
Microsoft Visual Studio Solution File, Format Version 12.00
# Visual Studio Version 17
VisualStudioVersion = 17.8.34316.72
MinimumVisualStudioVersion = 10.0.40219.1
Project("{FAE04EC0-301F-11D3-BF4B-00C04F79EFBC}") = "01. Integer Operations", "01. Integer Operations\01. Integer Operations.csproj", "{DA0EDB1D-3B45-4C3F-B2E1-0AFA6D0EA7E9}"
EndProject
Project("{FAE04EC0-301F-11D3-BF4B-00C04F79EFBC}") = "02. Sum Digits", "02. Sum Digits\02. Sum Digits.csproj", "{23083249-DDC2-4DE5-9CD8-22519E8617F3}"
EndProject
Project("{FAE04EC0-301F-11D3-BF4B-00C04F79EFBC}") = "03. Elevator", "03. Elevator\03. Elevator.csproj", "{103CDA4E-DA5A-4C04-B235-E366E43FA350}"
EndProject
Global
	GlobalSection(SolutionConfigurationPlatforms) = preSolution
		Debug|Any CPU = Debug|Any CPU
		Release|Any CPU = Release|Any CPU
	EndGlobalSection
	GlobalSection(ProjectConfigurationPlatforms) = postSolution
		{DA0EDB1D-3B45-4C3F-B2E1-0AFA6D0EA7E9}.Debug|Any CPU.ActiveCfg = Debug|Any CPU
		{DA0EDB1D-3B45-4C3F-B2E1-0AFA6D0EA7E9}.Debug|Any CPU.Build.0 = Debug|Any CPU
		{DA0EDB1D-3B45-4C3F-B2E1-0AFA6D0EA7E9}.Release|Any CPU.ActiveCfg = Release|Any CPU
		{DA0EDB1D-3B45-4C3F-B2E1-0AFA6D0EA7E9}.Release|Any CPU.Build.0 = Release|Any CPU
		{23083249-DDC2-4DE5-9CD8-22519E8617F3}.Debug|Any CPU.ActiveCfg = Debug|Any CPU
		{23083249-DDC2-4DE5-9CD8-22519E8617F3}.Debug|Any CPU.Build.0 = Debug|Any CPU
		{23083249-DDC2-4DE5-9CD8-22519E8617F3}.Release|Any CPU.ActiveCfg = Release|Any CPU
		{23083249-DDC2-4DE5-9CD8-22519E8617F3}.Release|Any CPU.Build.0 = Release|Any CPU
		{103CDA4E-DA5A-4C04-B235-E366E43FA350}.Debug|Any CPU.ActiveCfg = Debug|Any CPU
		{103CDA4E-DA5A-4C04-B235-E366E43FA350}.Debug|Any CPU.Build.0 = Debug|Any CPU
		{103CDA4E-DA5A-4C04-B235-E366E43FA350}.Release|Any CPU.ActiveCfg = Release|Any CPU
		{103CDA4E-DA5A-4C04-B235-E366E43FA350}.Release|Any CPU.Build.0 = Release|Any CPU
	EndGlobalSection
	GlobalSection(SolutionProperties) = preSolution
		HideSolutionNode = FALSE
	EndGlobalSection
	GlobalSection(ExtensibilityGlobals) = postSolution
		SolutionGuid = {55398C0F-87F3-4684-AAB4-DEF2C068FA5E}
	EndGlobalSection
EndGlobal
