
Microsoft Visual Studio Solution File, Format Version 12.00
# Visual Studio Version 17
VisualStudioVersion = 17.8.34316.72
MinimumVisualStudioVersion = 10.0.40219.1
Project("{9A19103F-16F7-4668-BE54-9A1E7A4F7556}") = "01. Ages", "01. Ages\01. Ages.csproj", "{1BFD0970-72E3-4BA6-96C6-1B275BA02260}"
EndProject
Project("{FAE04EC0-301F-11D3-BF4B-00C04F79EFBC}") = "02. Division", "02. Division\02. Division.csproj", "{64507A12-F61B-4C8E-8228-F4FE79D04855}"
EndProject
Project("{FAE04EC0-301F-11D3-BF4B-00C04F79EFBC}") = "03. Vacation", "03. Vacation\03. Vacation.csproj", "{7BF4C068-3342-43D0-8068-54072E57AFD3}"
EndProject
Project("{FAE04EC0-301F-11D3-BF4B-00C04F79EFBC}") = "04. Print and sum", "04. Print and sum\04. Print and sum.csproj", "{67428F2B-6952-4DEF-BD96-56274E48DB50}"
EndProject
Project("{FAE04EC0-301F-11D3-BF4B-00C04F79EFBC}") = "05. Login", "05. Login\05. Login.csproj", "{48C1B330-876F-423A-ABA2-53BD3CB69107}"
EndProject
Project("{FAE04EC0-301F-11D3-BF4B-00C04F79EFBC}") = "06. Strong number", "06. Strong number\06. Strong number.csproj", "{7E7E2454-D9B4-41BD-A4F8-C49F97525B40}"
EndProject
Project("{FAE04EC0-301F-11D3-BF4B-00C04F79EFBC}") = "07. Vending Machine", "07. Vending Machine\07. Vending Machine.csproj", "{61701467-A077-429C-9807-0D14E3543FC4}"
EndProject
Project("{FAE04EC0-301F-11D3-BF4B-00C04F79EFBC}") = "08. Triangle of Numbers", "08. Triangle of Numbers\08. Triangle of Numbers.csproj", "{A06424EB-54EB-4AFB-A57C-0635994649E2}"
EndProject
Project("{FAE04EC0-301F-11D3-BF4B-00C04F79EFBC}") = "09. Padawan Equipment", "09. Padawan Equipment\09. Padawan Equipment.csproj", "{2CC17F03-F6FC-4AD6-BE1F-5E21FA617A81}"
EndProject
Project("{FAE04EC0-301F-11D3-BF4B-00C04F79EFBC}") = "10. Rage Expenses", "10. Rage Expenses\10. Rage Expenses.csproj", "{CA012026-0C60-44F6-AE0B-BA6DE2164B7A}"
EndProject
Project("{FAE04EC0-301F-11D3-BF4B-00C04F79EFBC}") = "11. Orders", "11. Orders\11. Orders.csproj", "{662769C8-AE46-4758-A40A-30C7CBF88BF8}"
EndProject
Global
	GlobalSection(SolutionConfigurationPlatforms) = preSolution
		Debug|Any CPU = Debug|Any CPU
		Release|Any CPU = Release|Any CPU
	EndGlobalSection
	GlobalSection(ProjectConfigurationPlatforms) = postSolution
		{1BFD0970-72E3-4BA6-96C6-1B275BA02260}.Debug|Any CPU.ActiveCfg = Debug|Any CPU
		{1BFD0970-72E3-4BA6-96C6-1B275BA02260}.Debug|Any CPU.Build.0 = Debug|Any CPU
		{1BFD0970-72E3-4BA6-96C6-1B275BA02260}.Release|Any CPU.ActiveCfg = Release|Any CPU
		{1BFD0970-72E3-4BA6-96C6-1B275BA02260}.Release|Any CPU.Build.0 = Release|Any CPU
		{64507A12-F61B-4C8E-8228-F4FE79D04855}.Debug|Any CPU.ActiveCfg = Debug|Any CPU
		{64507A12-F61B-4C8E-8228-F4FE79D04855}.Debug|Any CPU.Build.0 = Debug|Any CPU
		{64507A12-F61B-4C8E-8228-F4FE79D04855}.Release|Any CPU.ActiveCfg = Release|Any CPU
		{64507A12-F61B-4C8E-8228-F4FE79D04855}.Release|Any CPU.Build.0 = Release|Any CPU
		{7BF4C068-3342-43D0-8068-54072E57AFD3}.Debug|Any CPU.ActiveCfg = Debug|Any CPU
		{7BF4C068-3342-43D0-8068-54072E57AFD3}.Debug|Any CPU.Build.0 = Debug|Any CPU
		{7BF4C068-3342-43D0-8068-54072E57AFD3}.Release|Any CPU.ActiveCfg = Release|Any CPU
		{7BF4C068-3342-43D0-8068-54072E57AFD3}.Release|Any CPU.Build.0 = Release|Any CPU
		{67428F2B-6952-4DEF-BD96-56274E48DB50}.Debug|Any CPU.ActiveCfg = Debug|Any CPU
		{67428F2B-6952-4DEF-BD96-56274E48DB50}.Debug|Any CPU.Build.0 = Debug|Any CPU
		{67428F2B-6952-4DEF-BD96-56274E48DB50}.Release|Any CPU.ActiveCfg = Release|Any CPU
		{67428F2B-6952-4DEF-BD96-56274E48DB50}.Release|Any CPU.Build.0 = Release|Any CPU
		{48C1B330-876F-423A-ABA2-53BD3CB69107}.Debug|Any CPU.ActiveCfg = Debug|Any CPU
		{48C1B330-876F-423A-ABA2-53BD3CB69107}.Debug|Any CPU.Build.0 = Debug|Any CPU
		{48C1B330-876F-423A-ABA2-53BD3CB69107}.Release|Any CPU.ActiveCfg = Release|Any CPU
		{48C1B330-876F-423A-ABA2-53BD3CB69107}.Release|Any CPU.Build.0 = Release|Any CPU
		{7E7E2454-D9B4-41BD-A4F8-C49F97525B40}.Debug|Any CPU.ActiveCfg = Debug|Any CPU
		{7E7E2454-D9B4-41BD-A4F8-C49F97525B40}.Debug|Any CPU.Build.0 = Debug|Any CPU
		{7E7E2454-D9B4-41BD-A4F8-C49F97525B40}.Release|Any CPU.ActiveCfg = Release|Any CPU
		{7E7E2454-D9B4-41BD-A4F8-C49F97525B40}.Release|Any CPU.Build.0 = Release|Any CPU
		{61701467-A077-429C-9807-0D14E3543FC4}.Debug|Any CPU.ActiveCfg = Debug|Any CPU
		{61701467-A077-429C-9807-0D14E3543FC4}.Debug|Any CPU.Build.0 = Debug|Any CPU
		{61701467-A077-429C-9807-0D14E3543FC4}.Release|Any CPU.ActiveCfg = Release|Any CPU
		{61701467-A077-429C-9807-0D14E3543FC4}.Release|Any CPU.Build.0 = Release|Any CPU
		{A06424EB-54EB-4AFB-A57C-0635994649E2}.Debug|Any CPU.ActiveCfg = Debug|Any CPU
		{A06424EB-54EB-4AFB-A57C-0635994649E2}.Debug|Any CPU.Build.0 = Debug|Any CPU
		{A06424EB-54EB-4AFB-A57C-0635994649E2}.Release|Any CPU.ActiveCfg = Release|Any CPU
		{A06424EB-54EB-4AFB-A57C-0635994649E2}.Release|Any CPU.Build.0 = Release|Any CPU
		{2CC17F03-F6FC-4AD6-BE1F-5E21FA617A81}.Debug|Any CPU.ActiveCfg = Debug|Any CPU
		{2CC17F03-F6FC-4AD6-BE1F-5E21FA617A81}.Debug|Any CPU.Build.0 = Debug|Any CPU
		{2CC17F03-F6FC-4AD6-BE1F-5E21FA617A81}.Release|Any CPU.ActiveCfg = Release|Any CPU
		{2CC17F03-F6FC-4AD6-BE1F-5E21FA617A81}.Release|Any CPU.Build.0 = Release|Any CPU
		{CA012026-0C60-44F6-AE0B-BA6DE2164B7A}.Debug|Any CPU.ActiveCfg = Debug|Any CPU
		{CA012026-0C60-44F6-AE0B-BA6DE2164B7A}.Debug|Any CPU.Build.0 = Debug|Any CPU
		{CA012026-0C60-44F6-AE0B-BA6DE2164B7A}.Release|Any CPU.ActiveCfg = Release|Any CPU
		{CA012026-0C60-44F6-AE0B-BA6DE2164B7A}.Release|Any CPU.Build.0 = Release|Any CPU
		{662769C8-AE46-4758-A40A-30C7CBF88BF8}.Debug|Any CPU.ActiveCfg = Debug|Any CPU
		{662769C8-AE46-4758-A40A-30C7CBF88BF8}.Debug|Any CPU.Build.0 = Debug|Any CPU
		{662769C8-AE46-4758-A40A-30C7CBF88BF8}.Release|Any CPU.ActiveCfg = Release|Any CPU
		{662769C8-AE46-4758-A40A-30C7CBF88BF8}.Release|Any CPU.Build.0 = Release|Any CPU
	EndGlobalSection
	GlobalSection(SolutionProperties) = preSolution
		HideSolutionNode = FALSE
	EndGlobalSection
	GlobalSection(ExtensibilityGlobals) = postSolution
		SolutionGuid = {AF0E14EE-CF8A-472E-8F78-BD4DE197B40E}
	EndGlobalSection
EndGlobal
