
Microsoft Visual Studio Solution File, Format Version 12.00
# Visual Studio Version 17
VisualStudioVersion = 17.8.34316.72
MinimumVisualStudioVersion = 10.0.40219.1
Project("{FAE04EC0-301F-11D3-BF4B-00C04F79EFBC}") = "01. Encrypt, Sort and Print Array", "01. Encrypt, Sort and Print Array\01. Encrypt, Sort and Print Array.csproj", "{405FC83B-707E-4483-9446-34C824073D69}"
EndProject
Project("{FAE04EC0-301F-11D3-BF4B-00C04F79EFBC}") = "02. Pascal Triangle", "02. Pascal Triangle\02. Pascal Triangle.csproj", "{B552BB77-1E46-434C-BA3B-D8AF8E1DEFC0}"
EndProject
Project("{FAE04EC0-301F-11D3-BF4B-00C04F79EFBC}") = "03. Recursive Fibonacci", "03. Recursive Fibonacci\03. Recursive Fibonacci.csproj", "{93325E76-EB8C-4C03-8893-8ABA263530D5}"
EndProject
Project("{FAE04EC0-301F-11D3-BF4B-00C04F79EFBC}") = "04. Fold and Sum", "04. Fold and Sum\04. Fold and Sum.csproj", "{91A69C1A-CDAA-48C2-A178-7477E824F3CB}"
EndProject
Global
	GlobalSection(SolutionConfigurationPlatforms) = preSolution
		Debug|Any CPU = Debug|Any CPU
		Release|Any CPU = Release|Any CPU
	EndGlobalSection
	GlobalSection(ProjectConfigurationPlatforms) = postSolution
		{405FC83B-707E-4483-9446-34C824073D69}.Debug|Any CPU.ActiveCfg = Debug|Any CPU
		{405FC83B-707E-4483-9446-34C824073D69}.Debug|Any CPU.Build.0 = Debug|Any CPU
		{405FC83B-707E-4483-9446-34C824073D69}.Release|Any CPU.ActiveCfg = Release|Any CPU
		{405FC83B-707E-4483-9446-34C824073D69}.Release|Any CPU.Build.0 = Release|Any CPU
		{B552BB77-1E46-434C-BA3B-D8AF8E1DEFC0}.Debug|Any CPU.ActiveCfg = Debug|Any CPU
		{B552BB77-1E46-434C-BA3B-D8AF8E1DEFC0}.Debug|Any CPU.Build.0 = Debug|Any CPU
		{B552BB77-1E46-434C-BA3B-D8AF8E1DEFC0}.Release|Any CPU.ActiveCfg = Release|Any CPU
		{B552BB77-1E46-434C-BA3B-D8AF8E1DEFC0}.Release|Any CPU.Build.0 = Release|Any CPU
		{93325E76-EB8C-4C03-8893-8ABA263530D5}.Debug|Any CPU.ActiveCfg = Debug|Any CPU
		{93325E76-EB8C-4C03-8893-8ABA263530D5}.Debug|Any CPU.Build.0 = Debug|Any CPU
		{93325E76-EB8C-4C03-8893-8ABA263530D5}.Release|Any CPU.ActiveCfg = Release|Any CPU
		{93325E76-EB8C-4C03-8893-8ABA263530D5}.Release|Any CPU.Build.0 = Release|Any CPU
		{91A69C1A-CDAA-48C2-A178-7477E824F3CB}.Debug|Any CPU.ActiveCfg = Debug|Any CPU
		{91A69C1A-CDAA-48C2-A178-7477E824F3CB}.Debug|Any CPU.Build.0 = Debug|Any CPU
		{91A69C1A-CDAA-48C2-A178-7477E824F3CB}.Release|Any CPU.ActiveCfg = Release|Any CPU
		{91A69C1A-CDAA-48C2-A178-7477E824F3CB}.Release|Any CPU.Build.0 = Release|Any CPU
	EndGlobalSection
	GlobalSection(SolutionProperties) = preSolution
		HideSolutionNode = FALSE
	EndGlobalSection
	GlobalSection(ExtensibilityGlobals) = postSolution
		SolutionGuid = {47B8822C-353C-4AB1-AAED-090D7D6B9F7E}
	EndGlobalSection
EndGlobal
