
Microsoft Visual Studio Solution File, Format Version 12.00
# Visual Studio Version 17
VisualStudioVersion = 17.8.34316.72
MinimumVisualStudioVersion = 10.0.40219.1
Project("{FAE04EC0-301F-11D3-BF4B-00C04F79EFBC}") = "01. Sign of Integer Numbers", "01. Sign of Integer Numbers\01. Sign of Integer Numbers.csproj", "{C96ADB9B-3C7C-4034-A5FE-FCEA67ED864F}"
EndProject
Project("{FAE04EC0-301F-11D3-BF4B-00C04F79EFBC}") = "02. Grades", "02. Grades\02. Grades.csproj", "{7B80D665-CAD2-4C77-9816-3D623D1255AD}"
EndProject
Project("{FAE04EC0-301F-11D3-BF4B-00C04F79EFBC}") = "03. Calculations", "03. Calculations\03. Calculations.csproj", "{16876A20-150E-4A6D-A9B4-C16D82312AB2}"
EndProject
Project("{FAE04EC0-301F-11D3-BF4B-00C04F79EFBC}") = "04. Printing Triangle", "04. Printing Triangle\04. Printing Triangle.csproj", "{27EA8A43-00D8-465A-BB9E-9ADBA1CF0FC3}"
EndProject
Project("{FAE04EC0-301F-11D3-BF4B-00C04F79EFBC}") = "05. Orders", "05. Orders\05. Orders.csproj", "{3F8E0512-952E-430F-A460-161BD136C3D8}"
EndProject
Project("{FAE04EC0-301F-11D3-BF4B-00C04F79EFBC}") = "06. Calculate Rectangle Area", "06. Calculate Rectangle Area\06. Calculate Rectangle Area.csproj", "{97D4FD64-4D91-4E63-9743-B534F15931B2}"
EndProject
Project("{FAE04EC0-301F-11D3-BF4B-00C04F79EFBC}") = "07. Repeat String", "07. Repeat String\07. Repeat String.csproj", "{2C678AB1-937A-47C3-B758-F3B43CA99D0B}"
EndProject
Project("{FAE04EC0-301F-11D3-BF4B-00C04F79EFBC}") = "08. Math Power", "08. Math Power\08. Math Power.csproj", "{C330B5B1-C03B-4A75-9D84-C9FE57EB6440}"
EndProject
Project("{FAE04EC0-301F-11D3-BF4B-00C04F79EFBC}") = "09. Greater of Two Values", "09. Greater of Two Values\09. Greater of Two Values.csproj", "{369D142D-2CDC-41DC-9B5F-56DB19212C64}"
EndProject
Project("{FAE04EC0-301F-11D3-BF4B-00C04F79EFBC}") = "10. Multiply Evens by Odds", "10. Multiply Evens by Odds\10. Multiply Evens by Odds.csproj", "{3FF9D141-E616-4CBB-9E16-74C497A26006}"
EndProject
Project("{FAE04EC0-301F-11D3-BF4B-00C04F79EFBC}") = "11. Math operations", "11. Math operations\11. Math operations.csproj", "{21312CE8-DCEC-4324-9B6A-51E482E33854}"
EndProject
Global
	GlobalSection(SolutionConfigurationPlatforms) = preSolution
		Debug|Any CPU = Debug|Any CPU
		Release|Any CPU = Release|Any CPU
	EndGlobalSection
	GlobalSection(ProjectConfigurationPlatforms) = postSolution
		{C96ADB9B-3C7C-4034-A5FE-FCEA67ED864F}.Debug|Any CPU.ActiveCfg = Debug|Any CPU
		{C96ADB9B-3C7C-4034-A5FE-FCEA67ED864F}.Debug|Any CPU.Build.0 = Debug|Any CPU
		{C96ADB9B-3C7C-4034-A5FE-FCEA67ED864F}.Release|Any CPU.ActiveCfg = Release|Any CPU
		{C96ADB9B-3C7C-4034-A5FE-FCEA67ED864F}.Release|Any CPU.Build.0 = Release|Any CPU
		{7B80D665-CAD2-4C77-9816-3D623D1255AD}.Debug|Any CPU.ActiveCfg = Debug|Any CPU
		{7B80D665-CAD2-4C77-9816-3D623D1255AD}.Debug|Any CPU.Build.0 = Debug|Any CPU
		{7B80D665-CAD2-4C77-9816-3D623D1255AD}.Release|Any CPU.ActiveCfg = Release|Any CPU
		{7B80D665-CAD2-4C77-9816-3D623D1255AD}.Release|Any CPU.Build.0 = Release|Any CPU
		{16876A20-150E-4A6D-A9B4-C16D82312AB2}.Debug|Any CPU.ActiveCfg = Debug|Any CPU
		{16876A20-150E-4A6D-A9B4-C16D82312AB2}.Debug|Any CPU.Build.0 = Debug|Any CPU
		{16876A20-150E-4A6D-A9B4-C16D82312AB2}.Release|Any CPU.ActiveCfg = Release|Any CPU
		{16876A20-150E-4A6D-A9B4-C16D82312AB2}.Release|Any CPU.Build.0 = Release|Any CPU
		{27EA8A43-00D8-465A-BB9E-9ADBA1CF0FC3}.Debug|Any CPU.ActiveCfg = Debug|Any CPU
		{27EA8A43-00D8-465A-BB9E-9ADBA1CF0FC3}.Debug|Any CPU.Build.0 = Debug|Any CPU
		{27EA8A43-00D8-465A-BB9E-9ADBA1CF0FC3}.Release|Any CPU.ActiveCfg = Release|Any CPU
		{27EA8A43-00D8-465A-BB9E-9ADBA1CF0FC3}.Release|Any CPU.Build.0 = Release|Any CPU
		{3F8E0512-952E-430F-A460-161BD136C3D8}.Debug|Any CPU.ActiveCfg = Debug|Any CPU
		{3F8E0512-952E-430F-A460-161BD136C3D8}.Debug|Any CPU.Build.0 = Debug|Any CPU
		{3F8E0512-952E-430F-A460-161BD136C3D8}.Release|Any CPU.ActiveCfg = Release|Any CPU
		{3F8E0512-952E-430F-A460-161BD136C3D8}.Release|Any CPU.Build.0 = Release|Any CPU
		{97D4FD64-4D91-4E63-9743-B534F15931B2}.Debug|Any CPU.ActiveCfg = Debug|Any CPU
		{97D4FD64-4D91-4E63-9743-B534F15931B2}.Debug|Any CPU.Build.0 = Debug|Any CPU
		{97D4FD64-4D91-4E63-9743-B534F15931B2}.Release|Any CPU.ActiveCfg = Release|Any CPU
		{97D4FD64-4D91-4E63-9743-B534F15931B2}.Release|Any CPU.Build.0 = Release|Any CPU
		{2C678AB1-937A-47C3-B758-F3B43CA99D0B}.Debug|Any CPU.ActiveCfg = Debug|Any CPU
		{2C678AB1-937A-47C3-B758-F3B43CA99D0B}.Debug|Any CPU.Build.0 = Debug|Any CPU
		{2C678AB1-937A-47C3-B758-F3B43CA99D0B}.Release|Any CPU.ActiveCfg = Release|Any CPU
		{2C678AB1-937A-47C3-B758-F3B43CA99D0B}.Release|Any CPU.Build.0 = Release|Any CPU
		{C330B5B1-C03B-4A75-9D84-C9FE57EB6440}.Debug|Any CPU.ActiveCfg = Debug|Any CPU
		{C330B5B1-C03B-4A75-9D84-C9FE57EB6440}.Debug|Any CPU.Build.0 = Debug|Any CPU
		{C330B5B1-C03B-4A75-9D84-C9FE57EB6440}.Release|Any CPU.ActiveCfg = Release|Any CPU
		{C330B5B1-C03B-4A75-9D84-C9FE57EB6440}.Release|Any CPU.Build.0 = Release|Any CPU
		{369D142D-2CDC-41DC-9B5F-56DB19212C64}.Debug|Any CPU.ActiveCfg = Debug|Any CPU
		{369D142D-2CDC-41DC-9B5F-56DB19212C64}.Debug|Any CPU.Build.0 = Debug|Any CPU
		{369D142D-2CDC-41DC-9B5F-56DB19212C64}.Release|Any CPU.ActiveCfg = Release|Any CPU
		{369D142D-2CDC-41DC-9B5F-56DB19212C64}.Release|Any CPU.Build.0 = Release|Any CPU
		{3FF9D141-E616-4CBB-9E16-74C497A26006}.Debug|Any CPU.ActiveCfg = Debug|Any CPU
		{3FF9D141-E616-4CBB-9E16-74C497A26006}.Debug|Any CPU.Build.0 = Debug|Any CPU
		{3FF9D141-E616-4CBB-9E16-74C497A26006}.Release|Any CPU.ActiveCfg = Release|Any CPU
		{3FF9D141-E616-4CBB-9E16-74C497A26006}.Release|Any CPU.Build.0 = Release|Any CPU
		{21312CE8-DCEC-4324-9B6A-51E482E33854}.Debug|Any CPU.ActiveCfg = Debug|Any CPU
		{21312CE8-DCEC-4324-9B6A-51E482E33854}.Debug|Any CPU.Build.0 = Debug|Any CPU
		{21312CE8-DCEC-4324-9B6A-51E482E33854}.Release|Any CPU.ActiveCfg = Release|Any CPU
		{21312CE8-DCEC-4324-9B6A-51E482E33854}.Release|Any CPU.Build.0 = Release|Any CPU
	EndGlobalSection
	GlobalSection(SolutionProperties) = preSolution
		HideSolutionNode = FALSE
	EndGlobalSection
	GlobalSection(ExtensibilityGlobals) = postSolution
		SolutionGuid = {6BE6A628-04C1-44E4-84C0-0E542C40A73A}
	EndGlobalSection
EndGlobal
