
Microsoft Visual Studio Solution File, Format Version 12.00
# Visual Studio Version 17
VisualStudioVersion = 17.8.34316.72
MinimumVisualStudioVersion = 10.0.40219.1
Project("{FAE04EC0-301F-11D3-BF4B-00C04F79EFBC}") = "01. Train", "01. Train\01. Train.csproj", "{C1F9182B-8F4E-41B2-B914-9033FFECA81C}"
EndProject
Project("{FAE04EC0-301F-11D3-BF4B-00C04F79EFBC}") = "02. Common Elements", "02. Common Elements\02. Common Elements.csproj", "{E82C78D5-6ABA-44A9-92A2-E388DF8DE7E7}"
EndProject
Project("{FAE04EC0-301F-11D3-BF4B-00C04F79EFBC}") = "03. Zig-Zag Arrays", "03. Zig-Zag Arrays\03. Zig-Zag Arrays.csproj", "{ECF902CF-2A6E-4817-9E9A-65862EDA1A49}"
EndProject
Project("{FAE04EC0-301F-11D3-BF4B-00C04F79EFBC}") = "04. Array Rotation", "04. Array Rotation\04. Array Rotation.csproj", "{5D67719E-E6BB-41F5-AAFC-AEF1173C2E13}"
EndProject
Project("{FAE04EC0-301F-11D3-BF4B-00C04F79EFBC}") = "05. Top Integers", "05. Top Integers\05. Top Integers.csproj", "{D13DBD8F-6335-4454-9110-506FF141F564}"
EndProject
Project("{FAE04EC0-301F-11D3-BF4B-00C04F79EFBC}") = "06. Equal Sum", "06. Equal Sum\06. Equal Sum.csproj", "{9EEB1BAC-3F38-4C29-8C70-94A07D5A0A20}"
EndProject
Project("{FAE04EC0-301F-11D3-BF4B-00C04F79EFBC}") = "07. Max Sequence of Equal Elements", "07. Max Sequence of Equal Elements\07. Max Sequence of Equal Elements.csproj", "{CE44AA02-13A3-4764-8ABE-C230AD4A62DE}"
EndProject
Project("{FAE04EC0-301F-11D3-BF4B-00C04F79EFBC}") = "08. Magic Sum", "08. Magic Sum\08. Magic Sum.csproj", "{6C619118-2C4A-4FF5-9B36-074B640B40A3}"
EndProject
Project("{FAE04EC0-301F-11D3-BF4B-00C04F79EFBC}") = "09. Kamino Factory", "09. Kamino Factory\09. Kamino Factory.csproj", "{62BFA64D-0D37-4A0F-AD49-1F6ED42D3C3C}"
EndProject
Global
	GlobalSection(SolutionConfigurationPlatforms) = preSolution
		Debug|Any CPU = Debug|Any CPU
		Release|Any CPU = Release|Any CPU
	EndGlobalSection
	GlobalSection(ProjectConfigurationPlatforms) = postSolution
		{C1F9182B-8F4E-41B2-B914-9033FFECA81C}.Debug|Any CPU.ActiveCfg = Debug|Any CPU
		{C1F9182B-8F4E-41B2-B914-9033FFECA81C}.Debug|Any CPU.Build.0 = Debug|Any CPU
		{C1F9182B-8F4E-41B2-B914-9033FFECA81C}.Release|Any CPU.ActiveCfg = Release|Any CPU
		{C1F9182B-8F4E-41B2-B914-9033FFECA81C}.Release|Any CPU.Build.0 = Release|Any CPU
		{E82C78D5-6ABA-44A9-92A2-E388DF8DE7E7}.Debug|Any CPU.ActiveCfg = Debug|Any CPU
		{E82C78D5-6ABA-44A9-92A2-E388DF8DE7E7}.Debug|Any CPU.Build.0 = Debug|Any CPU
		{E82C78D5-6ABA-44A9-92A2-E388DF8DE7E7}.Release|Any CPU.ActiveCfg = Release|Any CPU
		{E82C78D5-6ABA-44A9-92A2-E388DF8DE7E7}.Release|Any CPU.Build.0 = Release|Any CPU
		{ECF902CF-2A6E-4817-9E9A-65862EDA1A49}.Debug|Any CPU.ActiveCfg = Debug|Any CPU
		{ECF902CF-2A6E-4817-9E9A-65862EDA1A49}.Debug|Any CPU.Build.0 = Debug|Any CPU
		{ECF902CF-2A6E-4817-9E9A-65862EDA1A49}.Release|Any CPU.ActiveCfg = Release|Any CPU
		{ECF902CF-2A6E-4817-9E9A-65862EDA1A49}.Release|Any CPU.Build.0 = Release|Any CPU
		{5D67719E-E6BB-41F5-AAFC-AEF1173C2E13}.Debug|Any CPU.ActiveCfg = Debug|Any CPU
		{5D67719E-E6BB-41F5-AAFC-AEF1173C2E13}.Debug|Any CPU.Build.0 = Debug|Any CPU
		{5D67719E-E6BB-41F5-AAFC-AEF1173C2E13}.Release|Any CPU.ActiveCfg = Release|Any CPU
		{5D67719E-E6BB-41F5-AAFC-AEF1173C2E13}.Release|Any CPU.Build.0 = Release|Any CPU
		{D13DBD8F-6335-4454-9110-506FF141F564}.Debug|Any CPU.ActiveCfg = Debug|Any CPU
		{D13DBD8F-6335-4454-9110-506FF141F564}.Debug|Any CPU.Build.0 = Debug|Any CPU
		{D13DBD8F-6335-4454-9110-506FF141F564}.Release|Any CPU.ActiveCfg = Release|Any CPU
		{D13DBD8F-6335-4454-9110-506FF141F564}.Release|Any CPU.Build.0 = Release|Any CPU
		{9EEB1BAC-3F38-4C29-8C70-94A07D5A0A20}.Debug|Any CPU.ActiveCfg = Debug|Any CPU
		{9EEB1BAC-3F38-4C29-8C70-94A07D5A0A20}.Debug|Any CPU.Build.0 = Debug|Any CPU
		{9EEB1BAC-3F38-4C29-8C70-94A07D5A0A20}.Release|Any CPU.ActiveCfg = Release|Any CPU
		{9EEB1BAC-3F38-4C29-8C70-94A07D5A0A20}.Release|Any CPU.Build.0 = Release|Any CPU
		{CE44AA02-13A3-4764-8ABE-C230AD4A62DE}.Debug|Any CPU.ActiveCfg = Debug|Any CPU
		{CE44AA02-13A3-4764-8ABE-C230AD4A62DE}.Debug|Any CPU.Build.0 = Debug|Any CPU
		{CE44AA02-13A3-4764-8ABE-C230AD4A62DE}.Release|Any CPU.ActiveCfg = Release|Any CPU
		{CE44AA02-13A3-4764-8ABE-C230AD4A62DE}.Release|Any CPU.Build.0 = Release|Any CPU
		{6C619118-2C4A-4FF5-9B36-074B640B40A3}.Debug|Any CPU.ActiveCfg = Debug|Any CPU
		{6C619118-2C4A-4FF5-9B36-074B640B40A3}.Debug|Any CPU.Build.0 = Debug|Any CPU
		{6C619118-2C4A-4FF5-9B36-074B640B40A3}.Release|Any CPU.ActiveCfg = Release|Any CPU
		{6C619118-2C4A-4FF5-9B36-074B640B40A3}.Release|Any CPU.Build.0 = Release|Any CPU
		{62BFA64D-0D37-4A0F-AD49-1F6ED42D3C3C}.Debug|Any CPU.ActiveCfg = Debug|Any CPU
		{62BFA64D-0D37-4A0F-AD49-1F6ED42D3C3C}.Debug|Any CPU.Build.0 = Debug|Any CPU
		{62BFA64D-0D37-4A0F-AD49-1F6ED42D3C3C}.Release|Any CPU.ActiveCfg = Release|Any CPU
		{62BFA64D-0D37-4A0F-AD49-1F6ED42D3C3C}.Release|Any CPU.Build.0 = Release|Any CPU
	EndGlobalSection
	GlobalSection(SolutionProperties) = preSolution
		HideSolutionNode = FALSE
	EndGlobalSection
	GlobalSection(ExtensibilityGlobals) = postSolution
		SolutionGuid = {36B7A221-9F25-4803-9ABF-7810D0FCBEC7}
	EndGlobalSection
EndGlobal
