
Microsoft Visual Studio Solution File, Format Version 12.00
# Visual Studio Version 17
VisualStudioVersion = 17.8.34316.72
MinimumVisualStudioVersion = 10.0.40219.1
Project("{FAE04EC0-301F-11D3-BF4B-00C04F79EFBC}") = "01. Company Roster", "01. Company Roster\01. Company Roster.csproj", "{81C7136E-EDCF-498F-AAE5-11A603197B9D}"
EndProject
Project("{FAE04EC0-301F-11D3-BF4B-00C04F79EFBC}") = "02. Oldest Family Member", "02. Oldest Family Member\02. Oldest Family Member.csproj", "{5BDD319A-FBA3-4DE3-AAE9-0B94F2177F54}"
EndProject
Project("{FAE04EC0-301F-11D3-BF4B-00C04F79EFBC}") = "03. Speed Racing", "03. Speed Racing\03. Speed Racing.csproj", "{E7C867FF-BAE1-494B-B0E6-86F0D543D7D6}"
EndProject
Project("{FAE04EC0-301F-11D3-BF4B-00C04F79EFBC}") = "04. Raw Data", "04. Raw Data\04. Raw Data.csproj", "{E883C86B-222E-4186-862A-8FE30D4BD7BB}"
EndProject
Project("{FAE04EC0-301F-11D3-BF4B-00C04F79EFBC}") = "05. Shopping Spree", "05. Shopping Spree\05. Shopping Spree.csproj", "{FA0CFE33-5C89-4BC5-BACD-6B564E8F5E56}"
EndProject
Global
	GlobalSection(SolutionConfigurationPlatforms) = preSolution
		Debug|Any CPU = Debug|Any CPU
		Release|Any CPU = Release|Any CPU
	EndGlobalSection
	GlobalSection(ProjectConfigurationPlatforms) = postSolution
		{81C7136E-EDCF-498F-AAE5-11A603197B9D}.Debug|Any CPU.ActiveCfg = Debug|Any CPU
		{81C7136E-EDCF-498F-AAE5-11A603197B9D}.Debug|Any CPU.Build.0 = Debug|Any CPU
		{81C7136E-EDCF-498F-AAE5-11A603197B9D}.Release|Any CPU.ActiveCfg = Release|Any CPU
		{81C7136E-EDCF-498F-AAE5-11A603197B9D}.Release|Any CPU.Build.0 = Release|Any CPU
		{5BDD319A-FBA3-4DE3-AAE9-0B94F2177F54}.Debug|Any CPU.ActiveCfg = Debug|Any CPU
		{5BDD319A-FBA3-4DE3-AAE9-0B94F2177F54}.Debug|Any CPU.Build.0 = Debug|Any CPU
		{5BDD319A-FBA3-4DE3-AAE9-0B94F2177F54}.Release|Any CPU.ActiveCfg = Release|Any CPU
		{5BDD319A-FBA3-4DE3-AAE9-0B94F2177F54}.Release|Any CPU.Build.0 = Release|Any CPU
		{E7C867FF-BAE1-494B-B0E6-86F0D543D7D6}.Debug|Any CPU.ActiveCfg = Debug|Any CPU
		{E7C867FF-BAE1-494B-B0E6-86F0D543D7D6}.Debug|Any CPU.Build.0 = Debug|Any CPU
		{E7C867FF-BAE1-494B-B0E6-86F0D543D7D6}.Release|Any CPU.ActiveCfg = Release|Any CPU
		{E7C867FF-BAE1-494B-B0E6-86F0D543D7D6}.Release|Any CPU.Build.0 = Release|Any CPU
		{E883C86B-222E-4186-862A-8FE30D4BD7BB}.Debug|Any CPU.ActiveCfg = Debug|Any CPU
		{E883C86B-222E-4186-862A-8FE30D4BD7BB}.Debug|Any CPU.Build.0 = Debug|Any CPU
		{E883C86B-222E-4186-862A-8FE30D4BD7BB}.Release|Any CPU.ActiveCfg = Release|Any CPU
		{E883C86B-222E-4186-862A-8FE30D4BD7BB}.Release|Any CPU.Build.0 = Release|Any CPU
		{FA0CFE33-5C89-4BC5-BACD-6B564E8F5E56}.Debug|Any CPU.ActiveCfg = Debug|Any CPU
		{FA0CFE33-5C89-4BC5-BACD-6B564E8F5E56}.Debug|Any CPU.Build.0 = Debug|Any CPU
		{FA0CFE33-5C89-4BC5-BACD-6B564E8F5E56}.Release|Any CPU.ActiveCfg = Release|Any CPU
		{FA0CFE33-5C89-4BC5-BACD-6B564E8F5E56}.Release|Any CPU.Build.0 = Release|Any CPU
	EndGlobalSection
	GlobalSection(SolutionProperties) = preSolution
		HideSolutionNode = FALSE
	EndGlobalSection
	GlobalSection(ExtensibilityGlobals) = postSolution
		SolutionGuid = {306B85C7-F679-430A-93A1-132C03E67D5D}
	EndGlobalSection
EndGlobal
