
Microsoft Visual Studio Solution File, Format Version 12.00
# Visual Studio Version 17
VisualStudioVersion = 17.8.34316.72
MinimumVisualStudioVersion = 10.0.40219.1
Project("{FAE04EC0-301F-11D3-BF4B-00C04F79EFBC}") = "01. Convert Meters to Kilometers", "01. Convert Meters to Kilometers\01. Convert Meters to Kilometers.csproj", "{A85AD00E-0A57-43FD-9C37-BE10F1CF9879}"
EndProject
Project("{FAE04EC0-301F-11D3-BF4B-00C04F79EFBC}") = "02. Pounds to Dollars", "02. Pounds to Dollars\02. Pounds to Dollars.csproj", "{61A99C69-F002-49B7-8855-F69886E57CF1}"
EndProject
Project("{FAE04EC0-301F-11D3-BF4B-00C04F79EFBC}") = "03. Exact Sum of Real Numbers", "03. Exact Sum of Real Numbers\03. Exact Sum of Real Numbers.csproj", "{7D4B7C75-C36C-412C-8EC2-6CFD2CFDEF5C}"
EndProject
Project("{FAE04EC0-301F-11D3-BF4B-00C04F79EFBC}") = "04. Centuries to Minutes", "04. Centuries to Minutes\04. Centuries to Minutes.csproj", "{87401211-97F5-4223-8593-A15E3522ECD7}"
EndProject
Project("{FAE04EC0-301F-11D3-BF4B-00C04F79EFBC}") = "05. Special Numbers", "05. Special Numbers\05. Special Numbers.csproj", "{89322C58-8F14-487D-A129-8B72708AC8F7}"
EndProject
Project("{FAE04EC0-301F-11D3-BF4B-00C04F79EFBC}") = "06. Reversed Chars", "06. Reversed Chars\06. Reversed Chars.csproj", "{DB82D508-8F37-4C98-988D-7D53F8BCEE2B}"
EndProject
Project("{FAE04EC0-301F-11D3-BF4B-00C04F79EFBC}") = "07. Concat Names", "07. Concat Names\07. Concat Names.csproj", "{0F029534-F353-47E3-842B-9C00FC2388CF}"
EndProject
Project("{FAE04EC0-301F-11D3-BF4B-00C04F79EFBC}") = "08. Town Info", "08. Town Info\08. Town Info.csproj", "{D1C81E18-5FDD-4024-984A-6656F637BA8D}"
EndProject
Project("{FAE04EC0-301F-11D3-BF4B-00C04F79EFBC}") = "09. Chars to String", "09. Chars to String\09. Chars to String.csproj", "{BE87BE2C-450A-42A3-B844-971D0011F7EC}"
EndProject
Project("{FAE04EC0-301F-11D3-BF4B-00C04F79EFBC}") = "10. Lower or Upper", "10. Lower or Upper\10. Lower or Upper.csproj", "{7235CEE2-5360-4090-B4CB-750B0B1329F0}"
EndProject
Project("{FAE04EC0-301F-11D3-BF4B-00C04F79EFBC}") = "11. Refactor Volume of Pyramid", "11. Refactor Volume of Pyramid\11. Refactor Volume of Pyramid.csproj", "{90A08849-E172-4104-9280-FA484E87214B}"
EndProject
Project("{FAE04EC0-301F-11D3-BF4B-00C04F79EFBC}") = "12. Refactor Special Numbers", "12. Refactor Special Numbers\12. Refactor Special Numbers.csproj", "{207998EE-35EC-4057-AD27-4B8BF9033256}"
EndProject
Global
	GlobalSection(SolutionConfigurationPlatforms) = preSolution
		Debug|Any CPU = Debug|Any CPU
		Release|Any CPU = Release|Any CPU
	EndGlobalSection
	GlobalSection(ProjectConfigurationPlatforms) = postSolution
		{A85AD00E-0A57-43FD-9C37-BE10F1CF9879}.Debug|Any CPU.ActiveCfg = Debug|Any CPU
		{A85AD00E-0A57-43FD-9C37-BE10F1CF9879}.Debug|Any CPU.Build.0 = Debug|Any CPU
		{A85AD00E-0A57-43FD-9C37-BE10F1CF9879}.Release|Any CPU.ActiveCfg = Release|Any CPU
		{A85AD00E-0A57-43FD-9C37-BE10F1CF9879}.Release|Any CPU.Build.0 = Release|Any CPU
		{61A99C69-F002-49B7-8855-F69886E57CF1}.Debug|Any CPU.ActiveCfg = Debug|Any CPU
		{61A99C69-F002-49B7-8855-F69886E57CF1}.Debug|Any CPU.Build.0 = Debug|Any CPU
		{61A99C69-F002-49B7-8855-F69886E57CF1}.Release|Any CPU.ActiveCfg = Release|Any CPU
		{61A99C69-F002-49B7-8855-F69886E57CF1}.Release|Any CPU.Build.0 = Release|Any CPU
		{7D4B7C75-C36C-412C-8EC2-6CFD2CFDEF5C}.Debug|Any CPU.ActiveCfg = Debug|Any CPU
		{7D4B7C75-C36C-412C-8EC2-6CFD2CFDEF5C}.Debug|Any CPU.Build.0 = Debug|Any CPU
		{7D4B7C75-C36C-412C-8EC2-6CFD2CFDEF5C}.Release|Any CPU.ActiveCfg = Release|Any CPU
		{7D4B7C75-C36C-412C-8EC2-6CFD2CFDEF5C}.Release|Any CPU.Build.0 = Release|Any CPU
		{87401211-97F5-4223-8593-A15E3522ECD7}.Debug|Any CPU.ActiveCfg = Debug|Any CPU
		{87401211-97F5-4223-8593-A15E3522ECD7}.Debug|Any CPU.Build.0 = Debug|Any CPU
		{87401211-97F5-4223-8593-A15E3522ECD7}.Release|Any CPU.ActiveCfg = Release|Any CPU
		{87401211-97F5-4223-8593-A15E3522ECD7}.Release|Any CPU.Build.0 = Release|Any CPU
		{89322C58-8F14-487D-A129-8B72708AC8F7}.Debug|Any CPU.ActiveCfg = Debug|Any CPU
		{89322C58-8F14-487D-A129-8B72708AC8F7}.Debug|Any CPU.Build.0 = Debug|Any CPU
		{89322C58-8F14-487D-A129-8B72708AC8F7}.Release|Any CPU.ActiveCfg = Release|Any CPU
		{89322C58-8F14-487D-A129-8B72708AC8F7}.Release|Any CPU.Build.0 = Release|Any CPU
		{DB82D508-8F37-4C98-988D-7D53F8BCEE2B}.Debug|Any CPU.ActiveCfg = Debug|Any CPU
		{DB82D508-8F37-4C98-988D-7D53F8BCEE2B}.Debug|Any CPU.Build.0 = Debug|Any CPU
		{DB82D508-8F37-4C98-988D-7D53F8BCEE2B}.Release|Any CPU.ActiveCfg = Release|Any CPU
		{DB82D508-8F37-4C98-988D-7D53F8BCEE2B}.Release|Any CPU.Build.0 = Release|Any CPU
		{0F029534-F353-47E3-842B-9C00FC2388CF}.Debug|Any CPU.ActiveCfg = Debug|Any CPU
		{0F029534-F353-47E3-842B-9C00FC2388CF}.Debug|Any CPU.Build.0 = Debug|Any CPU
		{0F029534-F353-47E3-842B-9C00FC2388CF}.Release|Any CPU.ActiveCfg = Release|Any CPU
		{0F029534-F353-47E3-842B-9C00FC2388CF}.Release|Any CPU.Build.0 = Release|Any CPU
		{D1C81E18-5FDD-4024-984A-6656F637BA8D}.Debug|Any CPU.ActiveCfg = Debug|Any CPU
		{D1C81E18-5FDD-4024-984A-6656F637BA8D}.Debug|Any CPU.Build.0 = Debug|Any CPU
		{D1C81E18-5FDD-4024-984A-6656F637BA8D}.Release|Any CPU.ActiveCfg = Release|Any CPU
		{D1C81E18-5FDD-4024-984A-6656F637BA8D}.Release|Any CPU.Build.0 = Release|Any CPU
		{BE87BE2C-450A-42A3-B844-971D0011F7EC}.Debug|Any CPU.ActiveCfg = Debug|Any CPU
		{BE87BE2C-450A-42A3-B844-971D0011F7EC}.Debug|Any CPU.Build.0 = Debug|Any CPU
		{BE87BE2C-450A-42A3-B844-971D0011F7EC}.Release|Any CPU.ActiveCfg = Release|Any CPU
		{BE87BE2C-450A-42A3-B844-971D0011F7EC}.Release|Any CPU.Build.0 = Release|Any CPU
		{7235CEE2-5360-4090-B4CB-750B0B1329F0}.Debug|Any CPU.ActiveCfg = Debug|Any CPU
		{7235CEE2-5360-4090-B4CB-750B0B1329F0}.Debug|Any CPU.Build.0 = Debug|Any CPU
		{7235CEE2-5360-4090-B4CB-750B0B1329F0}.Release|Any CPU.ActiveCfg = Release|Any CPU
		{7235CEE2-5360-4090-B4CB-750B0B1329F0}.Release|Any CPU.Build.0 = Release|Any CPU
		{90A08849-E172-4104-9280-FA484E87214B}.Debug|Any CPU.ActiveCfg = Debug|Any CPU
		{90A08849-E172-4104-9280-FA484E87214B}.Debug|Any CPU.Build.0 = Debug|Any CPU
		{90A08849-E172-4104-9280-FA484E87214B}.Release|Any CPU.ActiveCfg = Release|Any CPU
		{90A08849-E172-4104-9280-FA484E87214B}.Release|Any CPU.Build.0 = Release|Any CPU
		{207998EE-35EC-4057-AD27-4B8BF9033256}.Debug|Any CPU.ActiveCfg = Debug|Any CPU
		{207998EE-35EC-4057-AD27-4B8BF9033256}.Debug|Any CPU.Build.0 = Debug|Any CPU
		{207998EE-35EC-4057-AD27-4B8BF9033256}.Release|Any CPU.ActiveCfg = Release|Any CPU
		{207998EE-35EC-4057-AD27-4B8BF9033256}.Release|Any CPU.Build.0 = Release|Any CPU
	EndGlobalSection
	GlobalSection(SolutionProperties) = preSolution
		HideSolutionNode = FALSE
	EndGlobalSection
	GlobalSection(ExtensibilityGlobals) = postSolution
		SolutionGuid = {5D23098F-B4DC-4DA1-8755-458CEDF001AE}
	EndGlobalSection
EndGlobal
